
Microsoft Visual Studio Solution File, Format Version 12.00
# Visual Studio Version 16
VisualStudioVersion = 16.0.30413.136
MinimumVisualStudioVersion = 10.0.40219.1
Project("{9A19103F-16F7-4668-BE54-9A1E7A4F7556}") = "WebApi", "WebApi\WebApi.csproj", "{37CDF028-706D-4C6B-884B-13C9DC5E6124}"
EndProject
Project("{FAE04EC0-301F-11D3-BF4B-00C04F79EFBC}") = "Rent.console", "Rent.console\Rent.console.csproj", "{77ED9566-674F-410A-91DD-70AB01D4650E}"
EndProject
Project("{FAE04EC0-301F-11D3-BF4B-00C04F79EFBC}") = "rent.test", "rent.test\rent.test.csproj", "{082C1D57-5EEE-4A2B-AB22-052E0E6F5D85}"
EndProject
Global
	GlobalSection(SolutionConfigurationPlatforms) = preSolution
		Debug|Any CPU = Debug|Any CPU
		Release|Any CPU = Release|Any CPU
	EndGlobalSection
	GlobalSection(ProjectConfigurationPlatforms) = postSolution
		{37CDF028-706D-4C6B-884B-13C9DC5E6124}.Debug|Any CPU.ActiveCfg = Debug|Any CPU
		{37CDF028-706D-4C6B-884B-13C9DC5E6124}.Debug|Any CPU.Build.0 = Debug|Any CPU
		{37CDF028-706D-4C6B-884B-13C9DC5E6124}.Release|Any CPU.ActiveCfg = Release|Any CPU
		{37CDF028-706D-4C6B-884B-13C9DC5E6124}.Release|Any CPU.Build.0 = Release|Any CPU
		{77ED9566-674F-410A-91DD-70AB01D4650E}.Debug|Any CPU.ActiveCfg = Debug|Any CPU
		{77ED9566-674F-410A-91DD-70AB01D4650E}.Debug|Any CPU.Build.0 = Debug|Any CPU
		{77ED9566-674F-410A-91DD-70AB01D4650E}.Release|Any CPU.ActiveCfg = Release|Any CPU
		{77ED9566-674F-410A-91DD-70AB01D4650E}.Release|Any CPU.Build.0 = Release|Any CPU
		{082C1D57-5EEE-4A2B-AB22-052E0E6F5D85}.Debug|Any CPU.ActiveCfg = Debug|Any CPU
		{082C1D57-5EEE-4A2B-AB22-052E0E6F5D85}.Debug|Any CPU.Build.0 = Debug|Any CPU
		{082C1D57-5EEE-4A2B-AB22-052E0E6F5D85}.Release|Any CPU.ActiveCfg = Release|Any CPU
		{082C1D57-5EEE-4A2B-AB22-052E0E6F5D85}.Release|Any CPU.Build.0 = Release|Any CPU
	EndGlobalSection
	GlobalSection(SolutionProperties) = preSolution
		HideSolutionNode = FALSE
	EndGlobalSection
	GlobalSection(ExtensibilityGlobals) = postSolution
		SolutionGuid = {DC310198-8277-4E5A-9902-AD7E18E9F60E}
	EndGlobalSection
EndGlobal
